
Microsoft Visual Studio Solution File, Format Version 12.00
# Visual Studio Version 16
VisualStudioVersion = 16.0.29728.190
MinimumVisualStudioVersion = 10.0.40219.1
Project("{8BC9CEB8-8B4A-11D0-8D11-00A0C91BC942}") = "Assignment2", "Assignment2.vcxproj", "{93004280-682A-41B0-B43D-973E32EB71FF}"
EndProject
Global
	GlobalSection(SolutionConfigurationPlatforms) = preSolution
		Debug|x64 = Debug|x64
		Debug|x86 = Debug|x86
		Release|x64 = Release|x64
		Release|x86 = Release|x86
	EndGlobalSection
	GlobalSection(ProjectConfigurationPlatforms) = postSolution
		{93004280-682A-41B0-B43D-973E32EB71FF}.Debug|x64.ActiveCfg = Debug|x64
		{93004280-682A-41B0-B43D-973E32EB71FF}.Debug|x64.Build.0 = Debug|x64
		{93004280-682A-41B0-B43D-973E32EB71FF}.Debug|x86.ActiveCfg = Debug|Win32
		{93004280-682A-41B0-B43D-973E32EB71FF}.Debug|x86.Build.0 = Debug|Win32
		{93004280-682A-41B0-B43D-973E32EB71FF}.Release|x64.ActiveCfg = Release|x64
		{93004280-682A-41B0-B43D-973E32EB71FF}.Release|x64.Build.0 = Release|x64
		{93004280-682A-41B0-B43D-973E32EB71FF}.Release|x86.ActiveCfg = Release|Win32
		{93004280-682A-41B0-B43D-973E32EB71FF}.Release|x86.Build.0 = Release|Win32
	EndGlobalSection
	GlobalSection(SolutionProperties) = preSolution
		HideSolutionNode = FALSE
	EndGlobalSection
	GlobalSection(ExtensibilityGlobals) = postSolution
		SolutionGuid = {E2AE1CF3-02DF-4992-9EF2-5A26E58C661F}
	EndGlobalSection
EndGlobal
